
Microsoft Visual Studio Solution File, Format Version 12.00
# Visual Studio Version 17
VisualStudioVersion = 17.0.31903.59
MinimumVisualStudioVersion = 10.0.40219.1
Project("{9A19103F-16F7-4668-BE54-9A1E7A4F7556}") = "Day1.Task1", "src\day1\task1\Day1.Task1.csproj", "{130FB421-DDDE-4746-8F1F-7C91E69E5DCE}"
EndProject
Project("{FAE04EC0-301F-11D3-BF4B-00C04F79EFBC}") = "Day1.Task2", "src\day1\task2\Day1.Task2.csproj", "{D4F662CF-302B-4790-A6B0-A07136EC0CDE}"
EndProject
Project("{FAE04EC0-301F-11D3-BF4B-00C04F79EFBC}") = "Day2.Task1", "src\day2\task1\Day2.Task1.csproj", "{B3D98378-5128-4C09-9CC1-979ABE6155EE}"
EndProject
Project("{FAE04EC0-301F-11D3-BF4B-00C04F79EFBC}") = "Day2.Task2", "src\day2\task2\Day2.Task2.csproj", "{AF7F21B0-41AC-4DB4-89E1-23B6DABCE395}"
EndProject
Project("{FAE04EC0-301F-11D3-BF4B-00C04F79EFBC}") = "Day3.Task1", "src\day3\task1\Day3.Task1.csproj", "{3712FC77-BD4D-4CEF-9024-7B2EBA45E427}"
EndProject
Project("{FAE04EC0-301F-11D3-BF4B-00C04F79EFBC}") = "Day3.Task2", "src\day3\task2\Day3.Task2.csproj", "{E0BCCBEA-B48D-4C0E-865F-065B6AC167CF}"
EndProject
Project("{FAE04EC0-301F-11D3-BF4B-00C04F79EFBC}") = "Day4.Task1", "src\day4\task1\Day4.Task1.csproj", "{D5E4BE83-6F28-48B7-BA02-4EBC3364610A}"
EndProject
Project("{FAE04EC0-301F-11D3-BF4B-00C04F79EFBC}") = "Day4.Task2", "src\day4\task2\Day4.Task2.csproj", "{EC7C134B-AF37-4AAD-9CF2-1838B965D94E}"
EndProject
Project("{FAE04EC0-301F-11D3-BF4B-00C04F79EFBC}") = "Day5.Task1", "src\day5\task1\Day5.Task1.csproj", "{D1944C86-1C2F-405C-8D43-A49A898B284A}"
EndProject
Project("{FAE04EC0-301F-11D3-BF4B-00C04F79EFBC}") = "Day5.Task2", "src\day5\task2\Day5.Task2.csproj", "{FF1A76CC-4018-42C0-9C33-2EA4C919302F}"
EndProject
Project("{FAE04EC0-301F-11D3-BF4B-00C04F79EFBC}") = "Day6.Task1", "src\day6\task1\Day6.Task1.csproj", "{9DAA1FB8-BAAD-4F5D-B42A-0900EEF24528}"
EndProject
Project("{FAE04EC0-301F-11D3-BF4B-00C04F79EFBC}") = "Day6.Task2", "src\day6\task2\Day6.Task2.csproj", "{D1FF3A06-CF92-43E9-8FE5-0FF531FD9A05}"
EndProject
Project("{FAE04EC0-301F-11D3-BF4B-00C04F79EFBC}") = "Day7.Task1", "src\day7\task1\Day7.Task1.csproj", "{51A26BBC-9279-40F6-B248-EB341C69AFA3}"
EndProject
Project("{FAE04EC0-301F-11D3-BF4B-00C04F79EFBC}") = "Day7.Task2", "src\day7\task2\Day7.Task2.csproj", "{DFB56FF0-6FAD-4C19-B3A2-DDE32737359D}"
EndProject
Global
	GlobalSection(SolutionConfigurationPlatforms) = preSolution
		Debug|Any CPU = Debug|Any CPU
		Release|Any CPU = Release|Any CPU
	EndGlobalSection
	GlobalSection(ProjectConfigurationPlatforms) = postSolution
		{130FB421-DDDE-4746-8F1F-7C91E69E5DCE}.Debug|Any CPU.ActiveCfg = Debug|Any CPU
		{130FB421-DDDE-4746-8F1F-7C91E69E5DCE}.Debug|Any CPU.Build.0 = Debug|Any CPU
		{130FB421-DDDE-4746-8F1F-7C91E69E5DCE}.Release|Any CPU.ActiveCfg = Release|Any CPU
		{130FB421-DDDE-4746-8F1F-7C91E69E5DCE}.Release|Any CPU.Build.0 = Release|Any CPU
		{D4F662CF-302B-4790-A6B0-A07136EC0CDE}.Debug|Any CPU.ActiveCfg = Debug|Any CPU
		{D4F662CF-302B-4790-A6B0-A07136EC0CDE}.Debug|Any CPU.Build.0 = Debug|Any CPU
		{D4F662CF-302B-4790-A6B0-A07136EC0CDE}.Release|Any CPU.ActiveCfg = Release|Any CPU
		{D4F662CF-302B-4790-A6B0-A07136EC0CDE}.Release|Any CPU.Build.0 = Release|Any CPU
		{B3D98378-5128-4C09-9CC1-979ABE6155EE}.Debug|Any CPU.ActiveCfg = Debug|Any CPU
		{B3D98378-5128-4C09-9CC1-979ABE6155EE}.Debug|Any CPU.Build.0 = Debug|Any CPU
		{B3D98378-5128-4C09-9CC1-979ABE6155EE}.Release|Any CPU.ActiveCfg = Release|Any CPU
		{B3D98378-5128-4C09-9CC1-979ABE6155EE}.Release|Any CPU.Build.0 = Release|Any CPU
		{AF7F21B0-41AC-4DB4-89E1-23B6DABCE395}.Debug|Any CPU.ActiveCfg = Debug|Any CPU
		{AF7F21B0-41AC-4DB4-89E1-23B6DABCE395}.Debug|Any CPU.Build.0 = Debug|Any CPU
		{AF7F21B0-41AC-4DB4-89E1-23B6DABCE395}.Release|Any CPU.ActiveCfg = Release|Any CPU
		{AF7F21B0-41AC-4DB4-89E1-23B6DABCE395}.Release|Any CPU.Build.0 = Release|Any CPU
		{3712FC77-BD4D-4CEF-9024-7B2EBA45E427}.Debug|Any CPU.ActiveCfg = Debug|Any CPU
		{3712FC77-BD4D-4CEF-9024-7B2EBA45E427}.Debug|Any CPU.Build.0 = Debug|Any CPU
		{3712FC77-BD4D-4CEF-9024-7B2EBA45E427}.Release|Any CPU.ActiveCfg = Release|Any CPU
		{3712FC77-BD4D-4CEF-9024-7B2EBA45E427}.Release|Any CPU.Build.0 = Release|Any CPU
		{E0BCCBEA-B48D-4C0E-865F-065B6AC167CF}.Debug|Any CPU.ActiveCfg = Debug|Any CPU
		{E0BCCBEA-B48D-4C0E-865F-065B6AC167CF}.Debug|Any CPU.Build.0 = Debug|Any CPU
		{E0BCCBEA-B48D-4C0E-865F-065B6AC167CF}.Release|Any CPU.ActiveCfg = Release|Any CPU
		{E0BCCBEA-B48D-4C0E-865F-065B6AC167CF}.Release|Any CPU.Build.0 = Release|Any CPU
		{D5E4BE83-6F28-48B7-BA02-4EBC3364610A}.Debug|Any CPU.ActiveCfg = Debug|Any CPU
		{D5E4BE83-6F28-48B7-BA02-4EBC3364610A}.Debug|Any CPU.Build.0 = Debug|Any CPU
		{D5E4BE83-6F28-48B7-BA02-4EBC3364610A}.Release|Any CPU.ActiveCfg = Release|Any CPU
		{D5E4BE83-6F28-48B7-BA02-4EBC3364610A}.Release|Any CPU.Build.0 = Release|Any CPU
		{EC7C134B-AF37-4AAD-9CF2-1838B965D94E}.Debug|Any CPU.ActiveCfg = Debug|Any CPU
		{EC7C134B-AF37-4AAD-9CF2-1838B965D94E}.Debug|Any CPU.Build.0 = Debug|Any CPU
		{EC7C134B-AF37-4AAD-9CF2-1838B965D94E}.Release|Any CPU.ActiveCfg = Release|Any CPU
		{EC7C134B-AF37-4AAD-9CF2-1838B965D94E}.Release|Any CPU.Build.0 = Release|Any CPU
		{D1944C86-1C2F-405C-8D43-A49A898B284A}.Debug|Any CPU.ActiveCfg = Debug|Any CPU
		{D1944C86-1C2F-405C-8D43-A49A898B284A}.Debug|Any CPU.Build.0 = Debug|Any CPU
		{D1944C86-1C2F-405C-8D43-A49A898B284A}.Release|Any CPU.ActiveCfg = Release|Any CPU
		{D1944C86-1C2F-405C-8D43-A49A898B284A}.Release|Any CPU.Build.0 = Release|Any CPU
		{FF1A76CC-4018-42C0-9C33-2EA4C919302F}.Debug|Any CPU.ActiveCfg = Debug|Any CPU
		{FF1A76CC-4018-42C0-9C33-2EA4C919302F}.Debug|Any CPU.Build.0 = Debug|Any CPU
		{FF1A76CC-4018-42C0-9C33-2EA4C919302F}.Release|Any CPU.ActiveCfg = Release|Any CPU
		{FF1A76CC-4018-42C0-9C33-2EA4C919302F}.Release|Any CPU.Build.0 = Release|Any CPU
		{9DAA1FB8-BAAD-4F5D-B42A-0900EEF24528}.Debug|Any CPU.ActiveCfg = Debug|Any CPU
		{9DAA1FB8-BAAD-4F5D-B42A-0900EEF24528}.Debug|Any CPU.Build.0 = Debug|Any CPU
		{9DAA1FB8-BAAD-4F5D-B42A-0900EEF24528}.Release|Any CPU.ActiveCfg = Release|Any CPU
		{9DAA1FB8-BAAD-4F5D-B42A-0900EEF24528}.Release|Any CPU.Build.0 = Release|Any CPU
		{D1FF3A06-CF92-43E9-8FE5-0FF531FD9A05}.Debug|Any CPU.ActiveCfg = Debug|Any CPU
		{D1FF3A06-CF92-43E9-8FE5-0FF531FD9A05}.Debug|Any CPU.Build.0 = Debug|Any CPU
		{D1FF3A06-CF92-43E9-8FE5-0FF531FD9A05}.Release|Any CPU.ActiveCfg = Release|Any CPU
		{D1FF3A06-CF92-43E9-8FE5-0FF531FD9A05}.Release|Any CPU.Build.0 = Release|Any CPU
		{51A26BBC-9279-40F6-B248-EB341C69AFA3}.Debug|Any CPU.ActiveCfg = Debug|Any CPU
		{51A26BBC-9279-40F6-B248-EB341C69AFA3}.Debug|Any CPU.Build.0 = Debug|Any CPU
		{51A26BBC-9279-40F6-B248-EB341C69AFA3}.Release|Any CPU.ActiveCfg = Release|Any CPU
		{51A26BBC-9279-40F6-B248-EB341C69AFA3}.Release|Any CPU.Build.0 = Release|Any CPU
		{DFB56FF0-6FAD-4C19-B3A2-DDE32737359D}.Debug|Any CPU.ActiveCfg = Debug|Any CPU
		{DFB56FF0-6FAD-4C19-B3A2-DDE32737359D}.Debug|Any CPU.Build.0 = Debug|Any CPU
		{DFB56FF0-6FAD-4C19-B3A2-DDE32737359D}.Release|Any CPU.ActiveCfg = Release|Any CPU
		{DFB56FF0-6FAD-4C19-B3A2-DDE32737359D}.Release|Any CPU.Build.0 = Release|Any CPU
	EndGlobalSection
	GlobalSection(SolutionProperties) = preSolution
		HideSolutionNode = FALSE
	EndGlobalSection
	GlobalSection(ExtensibilityGlobals) = postSolution
		SolutionGuid = {1327E4CF-C806-4B9C-9525-49BCC702EDC2}
	EndGlobalSection
EndGlobal
